// !$*UTF8*$!
{
	archiveVersion = 1;
	classes = {
	};
	objectVersion = 55;
	objects = {

/* Begin PBXBuildFile section */
		B3C1F43A2A71C1E70096368C /* FollowerListViewController.swift in Sources */ = {isa = PBXBuildFile; fileRef = B3C1F4392A71C1E70096368C /* FollowerListViewController.swift */; };
		B3C1F43C2A71C7F30096368C /* GFTitleLabel.swift in Sources */ = {isa = PBXBuildFile; fileRef = B3C1F43B2A71C7F30096368C /* GFTitleLabel.swift */; };
		B3C1F43E2A71CA030096368C /* GFBodyLabel.swift in Sources */ = {isa = PBXBuildFile; fileRef = B3C1F43D2A71CA030096368C /* GFBodyLabel.swift */; };
		B3C1F4402A71CA9A0096368C /* GFAlertViewController.swift in Sources */ = {isa = PBXBuildFile; fileRef = B3C1F43F2A71CA9A0096368C /* GFAlertViewController.swift */; };
		B3C1F4422A71CC170096368C /* GFAlertContainerView.swift in Sources */ = {isa = PBXBuildFile; fileRef = B3C1F4412A71CC170096368C /* GFAlertContainerView.swift */; };
		B3C1F4442A71D0570096368C /* UIViewController+Extension.swift in Sources */ = {isa = PBXBuildFile; fileRef = B3C1F4432A71D0570096368C /* UIViewController+Extension.swift */; };
		B3C1F44A2A71D69D0096368C /* Follower.swift in Sources */ = {isa = PBXBuildFile; fileRef = B3C1F4492A71D69D0096368C /* Follower.swift */; };
		B3C1F44C2A71D74E0096368C /* User.swift in Sources */ = {isa = PBXBuildFile; fileRef = B3C1F44B2A71D74E0096368C /* User.swift */; };
		ECCB1D7627BAEB68003A5DD9 /* AppDelegate.swift in Sources */ = {isa = PBXBuildFile; fileRef = ECCB1D7527BAEB68003A5DD9 /* AppDelegate.swift */; };
		ECCB1D7827BAEB68003A5DD9 /* SceneDelegate.swift in Sources */ = {isa = PBXBuildFile; fileRef = ECCB1D7727BAEB68003A5DD9 /* SceneDelegate.swift */; };
		ECCB1D7F27BAEB6B003A5DD9 /* Assets.xcassets in Resources */ = {isa = PBXBuildFile; fileRef = ECCB1D7E27BAEB6B003A5DD9 /* Assets.xcassets */; };
		ECCB1D8227BAEB6B003A5DD9 /* LaunchScreen.storyboard in Resources */ = {isa = PBXBuildFile; fileRef = ECCB1D8027BAEB6B003A5DD9 /* LaunchScreen.storyboard */; };
		ECCB1D8A27BAF230003A5DD9 /* SearchViewController.swift in Sources */ = {isa = PBXBuildFile; fileRef = ECCB1D8927BAF230003A5DD9 /* SearchViewController.swift */; };
		ECCB1D8C27BAF25F003A5DD9 /* FavoritesListViewController.swift in Sources */ = {isa = PBXBuildFile; fileRef = ECCB1D8B27BAF25F003A5DD9 /* FavoritesListViewController.swift */; };
		ECCB1D8E27BAF8F3003A5DD9 /* GFButton.swift in Sources */ = {isa = PBXBuildFile; fileRef = ECCB1D8D27BAF8F3003A5DD9 /* GFButton.swift */; };
		ECCB1D9027BAFBF7003A5DD9 /* GFTextField.swift in Sources */ = {isa = PBXBuildFile; fileRef = ECCB1D8F27BAFBF7003A5DD9 /* GFTextField.swift */; };
/* End PBXBuildFile section */

/* Begin PBXFileReference section */
		B3C1F4392A71C1E70096368C /* FollowerListViewController.swift */ = {isa = PBXFileReference; lastKnownFileType = sourcecode.swift; path = FollowerListViewController.swift; sourceTree = "<group>"; };
		B3C1F43B2A71C7F30096368C /* GFTitleLabel.swift */ = {isa = PBXFileReference; lastKnownFileType = sourcecode.swift; path = GFTitleLabel.swift; sourceTree = "<group>"; };
		B3C1F43D2A71CA030096368C /* GFBodyLabel.swift */ = {isa = PBXFileReference; lastKnownFileType = sourcecode.swift; path = GFBodyLabel.swift; sourceTree = "<group>"; };
		B3C1F43F2A71CA9A0096368C /* GFAlertViewController.swift */ = {isa = PBXFileReference; lastKnownFileType = sourcecode.swift; path = GFAlertViewController.swift; sourceTree = "<group>"; };
		B3C1F4412A71CC170096368C /* GFAlertContainerView.swift */ = {isa = PBXFileReference; lastKnownFileType = sourcecode.swift; path = GFAlertContainerView.swift; sourceTree = "<group>"; };
		B3C1F4432A71D0570096368C /* UIViewController+Extension.swift */ = {isa = PBXFileReference; lastKnownFileType = sourcecode.swift; path = "UIViewController+Extension.swift"; sourceTree = "<group>"; };
		B3C1F4492A71D69D0096368C /* Follower.swift */ = {isa = PBXFileReference; lastKnownFileType = sourcecode.swift; path = Follower.swift; sourceTree = "<group>"; };
		B3C1F44B2A71D74E0096368C /* User.swift */ = {isa = PBXFileReference; lastKnownFileType = sourcecode.swift; path = User.swift; sourceTree = "<group>"; };
		ECCB1D7227BAEB68003A5DD9 /* GitHubFollowers.app */ = {isa = PBXFileReference; explicitFileType = wrapper.application; includeInIndex = 0; path = GitHubFollowers.app; sourceTree = BUILT_PRODUCTS_DIR; };
		ECCB1D7527BAEB68003A5DD9 /* AppDelegate.swift */ = {isa = PBXFileReference; lastKnownFileType = sourcecode.swift; path = AppDelegate.swift; sourceTree = "<group>"; };
		ECCB1D7727BAEB68003A5DD9 /* SceneDelegate.swift */ = {isa = PBXFileReference; lastKnownFileType = sourcecode.swift; path = SceneDelegate.swift; sourceTree = "<group>"; };
		ECCB1D7E27BAEB6B003A5DD9 /* Assets.xcassets */ = {isa = PBXFileReference; lastKnownFileType = folder.assetcatalog; path = Assets.xcassets; sourceTree = "<group>"; };
		ECCB1D8127BAEB6B003A5DD9 /* Base */ = {isa = PBXFileReference; lastKnownFileType = file.storyboard; name = Base; path = Base.lproj/LaunchScreen.storyboard; sourceTree = "<group>"; };
		ECCB1D8327BAEB6B003A5DD9 /* Info.plist */ = {isa = PBXFileReference; lastKnownFileType = text.plist.xml; path = Info.plist; sourceTree = "<group>"; };
		ECCB1D8927BAF230003A5DD9 /* SearchViewController.swift */ = {isa = PBXFileReference; lastKnownFileType = sourcecode.swift; path = SearchViewController.swift; sourceTree = "<group>"; };
		ECCB1D8B27BAF25F003A5DD9 /* FavoritesListViewController.swift */ = {isa = PBXFileReference; lastKnownFileType = sourcecode.swift; path = FavoritesListViewController.swift; sourceTree = "<group>"; };
		ECCB1D8D27BAF8F3003A5DD9 /* GFButton.swift */ = {isa = PBXFileReference; lastKnownFileType = sourcecode.swift; path = GFButton.swift; sourceTree = "<group>"; };
		ECCB1D8F27BAFBF7003A5DD9 /* GFTextField.swift */ = {isa = PBXFileReference; lastKnownFileType = sourcecode.swift; path = GFTextField.swift; sourceTree = "<group>"; };
/* End PBXFileReference section */

/* Begin PBXFrameworksBuildPhase section */
		ECCB1D6F27BAEB68003A5DD9 /* Frameworks */ = {
			isa = PBXFrameworksBuildPhase;
			buildActionMask = 2147483647;
			files = (
			);
			runOnlyForDeploymentPostprocessing = 0;
		};
/* End PBXFrameworksBuildPhase section */

/* Begin PBXGroup section */
		B3C1F4452A71D2A90096368C /* Screens */ = {
			isa = PBXGroup;
			children = (
				ECCB1D8927BAF230003A5DD9 /* SearchViewController.swift */,
				ECCB1D8B27BAF25F003A5DD9 /* FavoritesListViewController.swift */,
				B3C1F4392A71C1E70096368C /* FollowerListViewController.swift */,
			);
			path = Screens;
			sourceTree = "<group>";
		};
		B3C1F4462A71D2E20096368C /* Custom Views */ = {
			isa = PBXGroup;
			children = (
				B3C1F43F2A71CA9A0096368C /* GFAlertViewController.swift */,
				B3C1F4412A71CC170096368C /* GFAlertContainerView.swift */,
				ECCB1D8D27BAF8F3003A5DD9 /* GFButton.swift */,
				ECCB1D8F27BAFBF7003A5DD9 /* GFTextField.swift */,
				B3C1F43B2A71C7F30096368C /* GFTitleLabel.swift */,
				B3C1F43D2A71CA030096368C /* GFBodyLabel.swift */,
			);
			path = "Custom Views";
			sourceTree = "<group>";
		};
		B3C1F4472A71D3290096368C /* Extensions */ = {
			isa = PBXGroup;
			children = (
				B3C1F4432A71D0570096368C /* UIViewController+Extension.swift */,
			);
			path = Extensions;
			sourceTree = "<group>";
		};
		B3C1F4482A71D68E0096368C /* Model */ = {
			isa = PBXGroup;
			children = (
				B3C1F4492A71D69D0096368C /* Follower.swift */,
				B3C1F44B2A71D74E0096368C /* User.swift */,
			);
			path = Model;
			sourceTree = "<group>";
		};
		ECCB1D6927BAEB68003A5DD9 = {
			isa = PBXGroup;
			children = (
				ECCB1D7427BAEB68003A5DD9 /* GitHubFollowers */,
				ECCB1D7327BAEB68003A5DD9 /* Products */,
			);
			sourceTree = "<group>";
		};
		ECCB1D7327BAEB68003A5DD9 /* Products */ = {
			isa = PBXGroup;
			children = (
				ECCB1D7227BAEB68003A5DD9 /* GitHubFollowers.app */,
			);
			name = Products;
			sourceTree = "<group>";
		};
		ECCB1D7427BAEB68003A5DD9 /* GitHubFollowers */ = {
			isa = PBXGroup;
			children = (
				B3C1F4482A71D68E0096368C /* Model */,
				B3C1F4472A71D3290096368C /* Extensions */,
				B3C1F4462A71D2E20096368C /* Custom Views */,
				B3C1F4452A71D2A90096368C /* Screens */,
				ECCB1D7527BAEB68003A5DD9 /* AppDelegate.swift */,
				ECCB1D7727BAEB68003A5DD9 /* SceneDelegate.swift */,
				ECCB1D7E27BAEB6B003A5DD9 /* Assets.xcassets */,
				ECCB1D8027BAEB6B003A5DD9 /* LaunchScreen.storyboard */,
				ECCB1D8327BAEB6B003A5DD9 /* Info.plist */,
			);
			path = GitHubFollowers;
			sourceTree = "<group>";
		};
/* End PBXGroup section */

/* Begin PBXNativeTarget section */
		ECCB1D7127BAEB68003A5DD9 /* GitHubFollowers */ = {
			isa = PBXNativeTarget;
			buildConfigurationList = ECCB1D8627BAEB6B003A5DD9 /* Build configuration list for PBXNativeTarget "GitHubFollowers" */;
			buildPhases = (
				ECCB1D6E27BAEB68003A5DD9 /* Sources */,
				ECCB1D6F27BAEB68003A5DD9 /* Frameworks */,
				ECCB1D7027BAEB68003A5DD9 /* Resources */,
			);
			buildRules = (
			);
			dependencies = (
			);
			name = GitHubFollowers;
			productName = GitHubFollowers;
			productReference = ECCB1D7227BAEB68003A5DD9 /* GitHubFollowers.app */;
			productType = "com.apple.product-type.application";
		};
/* End PBXNativeTarget section */

/* Begin PBXProject section */
		ECCB1D6A27BAEB68003A5DD9 /* Project object */ = {
			isa = PBXProject;
			attributes = {
				BuildIndependentTargetsInParallel = 1;
				LastSwiftUpdateCheck = 1320;
				LastUpgradeCheck = 1320;
				TargetAttributes = {
					ECCB1D7127BAEB68003A5DD9 = {
						CreatedOnToolsVersion = 13.2.1;
					};
				};
			};
			buildConfigurationList = ECCB1D6D27BAEB68003A5DD9 /* Build configuration list for PBXProject "GitHubFollowers" */;
			compatibilityVersion = "Xcode 13.0";
			developmentRegion = en;
			hasScannedForEncodings = 0;
			knownRegions = (
				en,
				Base,
			);
			mainGroup = ECCB1D6927BAEB68003A5DD9;
			productRefGroup = ECCB1D7327BAEB68003A5DD9 /* Products */;
			projectDirPath = "";
			projectRoot = "";
			targets = (
				ECCB1D7127BAEB68003A5DD9 /* GitHubFollowers */,
			);
		};
/* End PBXProject section */

/* Begin PBXResourcesBuildPhase section */
		ECCB1D7027BAEB68003A5DD9 /* Resources */ = {
			isa = PBXResourcesBuildPhase;
			buildActionMask = 2147483647;
			files = (
				ECCB1D8227BAEB6B003A5DD9 /* LaunchScreen.storyboard in Resources */,
				ECCB1D7F27BAEB6B003A5DD9 /* Assets.xcassets in Resources */,
			);
			runOnlyForDeploymentPostprocessing = 0;
		};
/* End PBXResourcesBuildPhase section */

/* Begin PBXSourcesBuildPhase section */
		ECCB1D6E27BAEB68003A5DD9 /* Sources */ = {
			isa = PBXSourcesBuildPhase;
			buildActionMask = 2147483647;
			files = (
				B3C1F4442A71D0570096368C /* UIViewController+Extension.swift in Sources */,
				B3C1F4402A71CA9A0096368C /* GFAlertViewController.swift in Sources */,
				ECCB1D9027BAFBF7003A5DD9 /* GFTextField.swift in Sources */,
				ECCB1D8A27BAF230003A5DD9 /* SearchViewController.swift in Sources */,
				ECCB1D8E27BAF8F3003A5DD9 /* GFButton.swift in Sources */,
				B3C1F43A2A71C1E70096368C /* FollowerListViewController.swift in Sources */,
				B3C1F44C2A71D74E0096368C /* User.swift in Sources */,
				B3C1F43E2A71CA030096368C /* GFBodyLabel.swift in Sources */,
				B3C1F44A2A71D69D0096368C /* Follower.swift in Sources */,
				B3C1F43C2A71C7F30096368C /* GFTitleLabel.swift in Sources */,
				ECCB1D7627BAEB68003A5DD9 /* AppDelegate.swift in Sources */,
				ECCB1D8C27BAF25F003A5DD9 /* FavoritesListViewController.swift in Sources */,
				ECCB1D7827BAEB68003A5DD9 /* SceneDelegate.swift in Sources */,
				B3C1F4422A71CC170096368C /* GFAlertContainerView.swift in Sources */,
			);
			runOnlyForDeploymentPostprocessing = 0;
		};
/* End PBXSourcesBuildPhase section */

/* Begin PBXVariantGroup section */
		ECCB1D8027BAEB6B003A5DD9 /* LaunchScreen.storyboard */ = {
			isa = PBXVariantGroup;
			children = (
				ECCB1D8127BAEB6B003A5DD9 /* Base */,
			);
			name = LaunchScreen.storyboard;
			sourceTree = "<group>";
		};
/* End PBXVariantGroup section */

/* Begin XCBuildConfiguration section */
		ECCB1D8427BAEB6B003A5DD9 /* Debug */ = {
			isa = XCBuildConfiguration;
			buildSettings = {
				ALWAYS_SEARCH_USER_PATHS = NO;
				CLANG_ANALYZER_NONNULL = YES;
				CLANG_ANALYZER_NUMBER_OBJECT_CONVERSION = YES_AGGRESSIVE;
				CLANG_CXX_LANGUAGE_STANDARD = "gnu++17";
				CLANG_CXX_LIBRARY = "libc++";
				CLANG_ENABLE_MODULES = YES;
				CLANG_ENABLE_OBJC_ARC = YES;
				CLANG_ENABLE_OBJC_WEAK = YES;
				CLANG_WARN_BLOCK_CAPTURE_AUTORELEASING = YES;
				CLANG_WARN_BOOL_CONVERSION = YES;
				CLANG_WARN_COMMA = YES;
				CLANG_WARN_CONSTANT_CONVERSION = YES;
				CLANG_WARN_DEPRECATED_OBJC_IMPLEMENTATIONS = YES;
				CLANG_WARN_DIRECT_OBJC_ISA_USAGE = YES_ERROR;
				CLANG_WARN_DOCUMENTATION_COMMENTS = YES;
				CLANG_WARN_EMPTY_BODY = YES;
				CLANG_WARN_ENUM_CONVERSION = YES;
				CLANG_WARN_INFINITE_RECURSION = YES;
				CLANG_WARN_INT_CONVERSION = YES;
				CLANG_WARN_NON_LITERAL_NULL_CONVERSION = YES;
				CLANG_WARN_OBJC_IMPLICIT_RETAIN_SELF = YES;
				CLANG_WARN_OBJC_LITERAL_CONVERSION = YES;
				CLANG_WARN_OBJC_ROOT_CLASS = YES_ERROR;
				CLANG_WARN_QUOTED_INCLUDE_IN_FRAMEWORK_HEADER = YES;
				CLANG_WARN_RANGE_LOOP_ANALYSIS = YES;
				CLANG_WARN_STRICT_PROTOTYPES = YES;
				CLANG_WARN_SUSPICIOUS_MOVE = YES;
				CLANG_WARN_UNGUARDED_AVAILABILITY = YES_AGGRESSIVE;
				CLANG_WARN_UNREACHABLE_CODE = YES;
				CLANG_WARN__DUPLICATE_METHOD_MATCH = YES;
				COPY_PHASE_STRIP = NO;
				DEBUG_INFORMATION_FORMAT = dwarf;
				ENABLE_STRICT_OBJC_MSGSEND = YES;
				ENABLE_TESTABILITY = YES;
				GCC_C_LANGUAGE_STANDARD = gnu11;
				GCC_DYNAMIC_NO_PIC = NO;
				GCC_NO_COMMON_BLOCKS = YES;
				GCC_OPTIMIZATION_LEVEL = 0;
				GCC_PREPROCESSOR_DEFINITIONS = (
					"DEBUG=1",
					"$(inherited)",
				);
				GCC_WARN_64_TO_32_BIT_CONVERSION = YES;
				GCC_WARN_ABOUT_RETURN_TYPE = YES_ERROR;
				GCC_WARN_UNDECLARED_SELECTOR = YES;
				GCC_WARN_UNINITIALIZED_AUTOS = YES_AGGRESSIVE;
				GCC_WARN_UNUSED_FUNCTION = YES;
				GCC_WARN_UNUSED_VARIABLE = YES;
				IPHONEOS_DEPLOYMENT_TARGET = 15.2;
				MTL_ENABLE_DEBUG_INFO = INCLUDE_SOURCE;
				MTL_FAST_MATH = YES;
				ONLY_ACTIVE_ARCH = YES;
				SDKROOT = iphoneos;
				SWIFT_ACTIVE_COMPILATION_CONDITIONS = DEBUG;
				SWIFT_OPTIMIZATION_LEVEL = "-Onone";
			};
			name = Debug;
		};
		ECCB1D8527BAEB6B003A5DD9 /* Release */ = {
			isa = XCBuildConfiguration;
			buildSettings = {
				ALWAYS_SEARCH_USER_PATHS = NO;
				CLANG_ANALYZER_NONNULL = YES;
				CLANG_ANALYZER_NUMBER_OBJECT_CONVERSION = YES_AGGRESSIVE;
				CLANG_CXX_LANGUAGE_STANDARD = "gnu++17";
				CLANG_CXX_LIBRARY = "libc++";
				CLANG_ENABLE_MODULES = YES;
				CLANG_ENABLE_OBJC_ARC = YES;
				CLANG_ENABLE_OBJC_WEAK = YES;
				CLANG_WARN_BLOCK_CAPTURE_AUTORELEASING = YES;
				CLANG_WARN_BOOL_CONVERSION = YES;
				CLANG_WARN_COMMA = YES;
				CLANG_WARN_CONSTANT_CONVERSION = YES;
				CLANG_WARN_DEPRECATED_OBJC_IMPLEMENTATIONS = YES;
				CLANG_WARN_DIRECT_OBJC_ISA_USAGE = YES_ERROR;
				CLANG_WARN_DOCUMENTATION_COMMENTS = YES;
				CLANG_WARN_EMPTY_BODY = YES;
				CLANG_WARN_ENUM_CONVERSION = YES;
				CLANG_WARN_INFINITE_RECURSION = YES;
				CLANG_WARN_INT_CONVERSION = YES;
				CLANG_WARN_NON_LITERAL_NULL_CONVERSION = YES;
				CLANG_WARN_OBJC_IMPLICIT_RETAIN_SELF = YES;
				CLANG_WARN_OBJC_LITERAL_CONVERSION = YES;
				CLANG_WARN_OBJC_ROOT_CLASS = YES_ERROR;
				CLANG_WARN_QUOTED_INCLUDE_IN_FRAMEWORK_HEADER = YES;
				CLANG_WARN_RANGE_LOOP_ANALYSIS = YES;
				CLANG_WARN_STRICT_PROTOTYPES = YES;
				CLANG_WARN_SUSPICIOUS_MOVE = YES;
				CLANG_WARN_UNGUARDED_AVAILABILITY = YES_AGGRESSIVE;
				CLANG_WARN_UNREACHABLE_CODE = YES;
				CLANG_WARN__DUPLICATE_METHOD_MATCH = YES;
				COPY_PHASE_STRIP = NO;
				DEBUG_INFORMATION_FORMAT = "dwarf-with-dsym";
				ENABLE_NS_ASSERTIONS = NO;
				ENABLE_STRICT_OBJC_MSGSEND = YES;
				GCC_C_LANGUAGE_STANDARD = gnu11;
				GCC_NO_COMMON_BLOCKS = YES;
				GCC_WARN_64_TO_32_BIT_CONVERSION = YES;
				GCC_WARN_ABOUT_RETURN_TYPE = YES_ERROR;
				GCC_WARN_UNDECLARED_SELECTOR = YES;
				GCC_WARN_UNINITIALIZED_AUTOS = YES_AGGRESSIVE;
				GCC_WARN_UNUSED_FUNCTION = YES;
				GCC_WARN_UNUSED_VARIABLE = YES;
				IPHONEOS_DEPLOYMENT_TARGET = 15.2;
				MTL_ENABLE_DEBUG_INFO = NO;
				MTL_FAST_MATH = YES;
				SDKROOT = iphoneos;
				SWIFT_COMPILATION_MODE = wholemodule;
				SWIFT_OPTIMIZATION_LEVEL = "-O";
				VALIDATE_PRODUCT = YES;
			};
			name = Release;
		};
		ECCB1D8727BAEB6B003A5DD9 /* Debug */ = {
			isa = XCBuildConfiguration;
			buildSettings = {
				ASSETCATALOG_COMPILER_APPICON_NAME = AppIcon;
				ASSETCATALOG_COMPILER_GLOBAL_ACCENT_COLOR_NAME = AccentColor;
				CODE_SIGN_STYLE = Automatic;
				CURRENT_PROJECT_VERSION = 1;
				GENERATE_INFOPLIST_FILE = YES;
				INFOPLIST_FILE = GitHubFollowers/Info.plist;
				INFOPLIST_KEY_UIApplicationSupportsIndirectInputEvents = YES;
				INFOPLIST_KEY_UILaunchStoryboardName = LaunchScreen;
				INFOPLIST_KEY_UISupportedInterfaceOrientations = UIInterfaceOrientationPortrait;
				INFOPLIST_KEY_UISupportedInterfaceOrientations_iPad = "UIInterfaceOrientationPortrait UIInterfaceOrientationPortraitUpsideDown UIInterfaceOrientationLandscapeLeft UIInterfaceOrientationLandscapeRight";
				INFOPLIST_KEY_UISupportedInterfaceOrientations_iPhone = "UIInterfaceOrientationPortrait UIInterfaceOrientationLandscapeLeft UIInterfaceOrientationLandscapeRight";
				LD_RUNPATH_SEARCH_PATHS = (
					"$(inherited)",
					"@executable_path/Frameworks",
				);
				MARKETING_VERSION = 1.0;
				PRODUCT_BUNDLE_IDENTIFIER = com.carlos.GitHubFollowers;
				PRODUCT_NAME = "$(TARGET_NAME)";
				SWIFT_EMIT_LOC_STRINGS = YES;
				SWIFT_VERSION = 5.0;
				TARGETED_DEVICE_FAMILY = 1;
			};
			name = Debug;
		};
		ECCB1D8827BAEB6B003A5DD9 /* Release */ = {
			isa = XCBuildConfiguration;
			buildSettings = {
				ASSETCATALOG_COMPILER_APPICON_NAME = AppIcon;
				ASSETCATALOG_COMPILER_GLOBAL_ACCENT_COLOR_NAME = AccentColor;
				CODE_SIGN_STYLE = Automatic;
				CURRENT_PROJECT_VERSION = 1;
				GENERATE_INFOPLIST_FILE = YES;
				INFOPLIST_FILE = GitHubFollowers/Info.plist;
				INFOPLIST_KEY_UIApplicationSupportsIndirectInputEvents = YES;
				INFOPLIST_KEY_UILaunchStoryboardName = LaunchScreen;
				INFOPLIST_KEY_UISupportedInterfaceOrientations = UIInterfaceOrientationPortrait;
				INFOPLIST_KEY_UISupportedInterfaceOrientations_iPad = "UIInterfaceOrientationPortrait UIInterfaceOrientationPortraitUpsideDown UIInterfaceOrientationLandscapeLeft UIInterfaceOrientationLandscapeRight";
				INFOPLIST_KEY_UISupportedInterfaceOrientations_iPhone = "UIInterfaceOrientationPortrait UIInterfaceOrientationLandscapeLeft UIInterfaceOrientationLandscapeRight";
				LD_RUNPATH_SEARCH_PATHS = (
					"$(inherited)",
					"@executable_path/Frameworks",
				);
				MARKETING_VERSION = 1.0;
				PRODUCT_BUNDLE_IDENTIFIER = com.carlos.GitHubFollowers;
				PRODUCT_NAME = "$(TARGET_NAME)";
				SWIFT_EMIT_LOC_STRINGS = YES;
				SWIFT_VERSION = 5.0;
				TARGETED_DEVICE_FAMILY = 1;
			};
			name = Release;
		};
/* End XCBuildConfiguration section */

/* Begin XCConfigurationList section */
		ECCB1D6D27BAEB68003A5DD9 /* Build configuration list for PBXProject "GitHubFollowers" */ = {
			isa = XCConfigurationList;
			buildConfigurations = (
				ECCB1D8427BAEB6B003A5DD9 /* Debug */,
				ECCB1D8527BAEB6B003A5DD9 /* Release */,
			);
			defaultConfigurationIsVisible = 0;
			defaultConfigurationName = Release;
		};
		ECCB1D8627BAEB6B003A5DD9 /* Build configuration list for PBXNativeTarget "GitHubFollowers" */ = {
			isa = XCConfigurationList;
			buildConfigurations = (
				ECCB1D8727BAEB6B003A5DD9 /* Debug */,
				ECCB1D8827BAEB6B003A5DD9 /* Release */,
			);
			defaultConfigurationIsVisible = 0;
			defaultConfigurationName = Release;
		};
/* End XCConfigurationList section */
	};
	rootObject = ECCB1D6A27BAEB68003A5DD9 /* Project object */;
}
